
Microsoft Visual Studio Solution File, Format Version 12.00
# Visual Studio Version 16
VisualStudioVersion = 16.0.31613.86
MinimumVisualStudioVersion = 10.0.40219.1
Project("{8BC9CEB8-8B4A-11D0-8D11-00A0C91BC942}") = "FactoryPattern", "FactoryPattern\FactoryPattern.vcxproj", "{62BA5BB5-B079-463C-B332-CFA8B64CB25C}"
EndProject
Global
	GlobalSection(SolutionConfigurationPlatforms) = preSolution
		Debug|x64 = Debug|x64
		Debug|x86 = Debug|x86
		Release|x64 = Release|x64
		Release|x86 = Release|x86
	EndGlobalSection
	GlobalSection(ProjectConfigurationPlatforms) = postSolution
		{62BA5BB5-B079-463C-B332-CFA8B64CB25C}.Debug|x64.ActiveCfg = Debug|x64
		{62BA5BB5-B079-463C-B332-CFA8B64CB25C}.Debug|x64.Build.0 = Debug|x64
		{62BA5BB5-B079-463C-B332-CFA8B64CB25C}.Debug|x86.ActiveCfg = Debug|Win32
		{62BA5BB5-B079-463C-B332-CFA8B64CB25C}.Debug|x86.Build.0 = Debug|Win32
		{62BA5BB5-B079-463C-B332-CFA8B64CB25C}.Release|x64.ActiveCfg = Release|x64
		{62BA5BB5-B079-463C-B332-CFA8B64CB25C}.Release|x64.Build.0 = Release|x64
		{62BA5BB5-B079-463C-B332-CFA8B64CB25C}.Release|x86.ActiveCfg = Release|Win32
		{62BA5BB5-B079-463C-B332-CFA8B64CB25C}.Release|x86.Build.0 = Release|Win32
	EndGlobalSection
	GlobalSection(SolutionProperties) = preSolution
		HideSolutionNode = FALSE
	EndGlobalSection
	GlobalSection(ExtensibilityGlobals) = postSolution
		SolutionGuid = {92D13954-D573-4C00-8B42-BB58FEAE61AB}
	EndGlobalSection
EndGlobal
