
Microsoft Visual Studio Solution File, Format Version 12.00
# Visual Studio Version 16
VisualStudioVersion = 16.0.31613.86
MinimumVisualStudioVersion = 10.0.40219.1
Project("{8BC9CEB8-8B4A-11D0-8D11-00A0C91BC942}") = "Adapter", "Adapter\Adapter.vcxproj", "{8034062D-958F-48EC-A9D0-7D739626C8A6}"
EndProject
Global
	GlobalSection(SolutionConfigurationPlatforms) = preSolution
		Debug|x64 = Debug|x64
		Debug|x86 = Debug|x86
		Release|x64 = Release|x64
		Release|x86 = Release|x86
	EndGlobalSection
	GlobalSection(ProjectConfigurationPlatforms) = postSolution
		{8034062D-958F-48EC-A9D0-7D739626C8A6}.Debug|x64.ActiveCfg = Debug|x64
		{8034062D-958F-48EC-A9D0-7D739626C8A6}.Debug|x64.Build.0 = Debug|x64
		{8034062D-958F-48EC-A9D0-7D739626C8A6}.Debug|x86.ActiveCfg = Debug|Win32
		{8034062D-958F-48EC-A9D0-7D739626C8A6}.Debug|x86.Build.0 = Debug|Win32
		{8034062D-958F-48EC-A9D0-7D739626C8A6}.Release|x64.ActiveCfg = Release|x64
		{8034062D-958F-48EC-A9D0-7D739626C8A6}.Release|x64.Build.0 = Release|x64
		{8034062D-958F-48EC-A9D0-7D739626C8A6}.Release|x86.ActiveCfg = Release|Win32
		{8034062D-958F-48EC-A9D0-7D739626C8A6}.Release|x86.Build.0 = Release|Win32
	EndGlobalSection
	GlobalSection(SolutionProperties) = preSolution
		HideSolutionNode = FALSE
	EndGlobalSection
	GlobalSection(ExtensibilityGlobals) = postSolution
		SolutionGuid = {DD615EAF-54C3-4ACB-9AEB-C3EA1AFC1FE8}
	EndGlobalSection
EndGlobal
